
Microsoft Visual Studio Solution File, Format Version 12.00
# Visual Studio Version 17
VisualStudioVersion = 17.14.36518.9
MinimumVisualStudioVersion = 10.0.40219.1
Project("{FAE04EC0-301F-11D3-BF4B-00C04F79EFBC}") = "SchoolManagementApp", "SchoolManagementApp.csproj", "{FF89506A-A569-4E96-99A6-8756D56EABCA}"
EndProject
Global
	GlobalSection(SolutionConfigurationPlatforms) = preSolution
		Debug|Any CPU = Debug|Any CPU
		Release|Any CPU = Release|Any CPU
	EndGlobalSection
	GlobalSection(ProjectConfigurationPlatforms) = postSolution
		{FF89506A-A569-4E96-99A6-8756D56EABCA}.Debug|Any CPU.ActiveCfg = Debug|Any CPU
		{FF89506A-A569-4E96-99A6-8756D56EABCA}.Debug|Any CPU.Build.0 = Debug|Any CPU
		{FF89506A-A569-4E96-99A6-8756D56EABCA}.Release|Any CPU.ActiveCfg = Release|Any CPU
		{FF89506A-A569-4E96-99A6-8756D56EABCA}.Release|Any CPU.Build.0 = Release|Any CPU
	EndGlobalSection
	GlobalSection(SolutionProperties) = preSolution
		HideSolutionNode = FALSE
	EndGlobalSection
	GlobalSection(ExtensibilityGlobals) = postSolution
		SolutionGuid = {509B5D88-C32B-4DFF-978F-EAF18A265DA3}
	EndGlobalSection
EndGlobal
